
Microsoft Visual Studio Solution File, Format Version 12.00
# Visual Studio Version 17
VisualStudioVersion = 17.14.36623.8 d17.14
MinimumVisualStudioVersion = 10.0.40219.1
Project("{FAE04EC0-301F-11D3-BF4B-00C04F79EFBC}") = "GuideMoi", "GuideMoi.csproj", "{A56BCBE0-9623-4AC8-968B-1F6151F980BF}"
EndProject
Global
	GlobalSection(SolutionConfigurationPlatforms) = preSolution
		Debug|Any CPU = Debug|Any CPU
		Release|Any CPU = Release|Any CPU
	EndGlobalSection
	GlobalSection(ProjectConfigurationPlatforms) = postSolution
		{A56BCBE0-9623-4AC8-968B-1F6151F980BF}.Debug|Any CPU.ActiveCfg = Debug|Any CPU
		{A56BCBE0-9623-4AC8-968B-1F6151F980BF}.Debug|Any CPU.Build.0 = Debug|Any CPU
		{A56BCBE0-9623-4AC8-968B-1F6151F980BF}.Release|Any CPU.ActiveCfg = Release|Any CPU
		{A56BCBE0-9623-4AC8-968B-1F6151F980BF}.Release|Any CPU.Build.0 = Release|Any CPU
	EndGlobalSection
	GlobalSection(SolutionProperties) = preSolution
		HideSolutionNode = FALSE
	EndGlobalSection
	GlobalSection(ExtensibilityGlobals) = postSolution
		SolutionGuid = {FC328CCB-BE0D-47EC-88C7-CDF9D8C4578B}
	EndGlobalSection
EndGlobal
